// !$*UTF8*$!
{
	archiveVersion = 1;
	classes = {
	};
	objectVersion = 55;
	objects = {

/* Begin PBXBuildFile section */
		601726E4290147E800C8CC8B /* Shader.cpp in Sources */ = {isa = PBXBuildFile; fileRef = 601726D7290147E800C8CC8B /* Shader.cpp */; };
		601726E5290147E800C8CC8B /* esTransform.c in Sources */ = {isa = PBXBuildFile; fileRef = 601726DD290147E800C8CC8B /* esTransform.c */; };
		601726E6290147E800C8CC8B /* esShapes.c in Sources */ = {isa = PBXBuildFile; fileRef = 601726DE290147E800C8CC8B /* esShapes.c */; };
		601726E7290147E800C8CC8B /* esShader.c in Sources */ = {isa = PBXBuildFile; fileRef = 601726DF290147E800C8CC8B /* esShader.c */; };
		601726E8290147E800C8CC8B /* esUtil.c in Sources */ = {isa = PBXBuildFile; fileRef = 601726E0290147E800C8CC8B /* esUtil.c */; };
		601726E9290147E800C8CC8B /* FileWrapper.m in Sources */ = {isa = PBXBuildFile; fileRef = 601726E3290147E800C8CC8B /* FileWrapper.m */; };
		601727042901497E00C8CC8B /* TriangleRender.cpp in Sources */ = {isa = PBXBuildFile; fileRef = 601727022901497E00C8CC8B /* TriangleRender.cpp */; };
		60172707290159E200C8CC8B /* GLKit.framework in Frameworks */ = {isa = PBXBuildFile; fileRef = 60172706290159E200C8CC8B /* GLKit.framework */; };
		604C25CD2901464B00F35CAD /* AppDelegate.m in Sources */ = {isa = PBXBuildFile; fileRef = 604C25CC2901464B00F35CAD /* AppDelegate.m */; };
		604C25D32901464B00F35CAD /* MainTableViewController.m in Sources */ = {isa = PBXBuildFile; fileRef = 604C25D22901464B00F35CAD /* MainTableViewController.m */; };
		604C25D62901464B00F35CAD /* Main.storyboard in Resources */ = {isa = PBXBuildFile; fileRef = 604C25D42901464B00F35CAD /* Main.storyboard */; };
		604C25D82901464E00F35CAD /* Assets.xcassets in Resources */ = {isa = PBXBuildFile; fileRef = 604C25D72901464E00F35CAD /* Assets.xcassets */; };
		604C25DB2901464E00F35CAD /* LaunchScreen.storyboard in Resources */ = {isa = PBXBuildFile; fileRef = 604C25D92901464E00F35CAD /* LaunchScreen.storyboard */; };
		604C25DE2901464E00F35CAD /* main.m in Sources */ = {isa = PBXBuildFile; fileRef = 604C25DD2901464E00F35CAD /* main.m */; };
		ED47533C2902F2990001710C /* TriangleViewController.mm in Sources */ = {isa = PBXBuildFile; fileRef = ED47533B2902F2990001710C /* TriangleViewController.mm */; };
		ED4753402902F7060001710C /* MainViewPresenter.m in Sources */ = {isa = PBXBuildFile; fileRef = ED47533F2902F7060001710C /* MainViewPresenter.m */; };
		ED4753432902FA6C0001710C /* OpenGLViewController.m in Sources */ = {isa = PBXBuildFile; fileRef = ED4753422902FA6C0001710C /* OpenGLViewController.m */; };
		ED47534F29030E500001710C /* ContainerViewController.mm in Sources */ = {isa = PBXBuildFile; fileRef = ED47534E29030E500001710C /* ContainerViewController.mm */; };
		ED91D42B290182B400BB3B37 /* Triangle.vs in Resources */ = {isa = PBXBuildFile; fileRef = ED91D42A290182B400BB3B37 /* Triangle.vs */; };
		ED91D42D2901835500BB3B37 /* Triangle.fs in Resources */ = {isa = PBXBuildFile; fileRef = ED91D42C2901835500BB3B37 /* Triangle.fs */; };
		EDC76C272901A08C005BDC14 /* container.jpeg in Resources */ = {isa = PBXBuildFile; fileRef = EDC76C262901A08C005BDC14 /* container.jpeg */; };
		EDC76C2A2901A1EE005BDC14 /* stb_image_cpp.cpp in Sources */ = {isa = PBXBuildFile; fileRef = EDC76C292901A1EE005BDC14 /* stb_image_cpp.cpp */; };
		EDC76C2D2901A2A2005BDC14 /* ContainerRender.cpp in Sources */ = {isa = PBXBuildFile; fileRef = EDC76C2B2901A2A2005BDC14 /* ContainerRender.cpp */; };
/* End PBXBuildFile section */

/* Begin PBXFileReference section */
		601726D7290147E800C8CC8B /* Shader.cpp */ = {isa = PBXFileReference; fileEncoding = 4; lastKnownFileType = sourcecode.cpp.cpp; path = Shader.cpp; sourceTree = "<group>"; };
		601726D8290147E800C8CC8B /* Shader.hpp */ = {isa = PBXFileReference; fileEncoding = 4; lastKnownFileType = sourcecode.cpp.h; path = Shader.hpp; sourceTree = "<group>"; };
		601726DA290147E800C8CC8B /* esUtil_win.h */ = {isa = PBXFileReference; fileEncoding = 4; lastKnownFileType = sourcecode.c.h; path = esUtil_win.h; sourceTree = "<group>"; };
		601726DB290147E800C8CC8B /* esUtil.h */ = {isa = PBXFileReference; fileEncoding = 4; lastKnownFileType = sourcecode.c.h; path = esUtil.h; sourceTree = "<group>"; };
		601726DD290147E800C8CC8B /* esTransform.c */ = {isa = PBXFileReference; fileEncoding = 4; lastKnownFileType = sourcecode.c.c; path = esTransform.c; sourceTree = "<group>"; };
		601726DE290147E800C8CC8B /* esShapes.c */ = {isa = PBXFileReference; fileEncoding = 4; lastKnownFileType = sourcecode.c.c; path = esShapes.c; sourceTree = "<group>"; };
		601726DF290147E800C8CC8B /* esShader.c */ = {isa = PBXFileReference; fileEncoding = 4; lastKnownFileType = sourcecode.c.c; path = esShader.c; sourceTree = "<group>"; };
		601726E0290147E800C8CC8B /* esUtil.c */ = {isa = PBXFileReference; fileEncoding = 4; lastKnownFileType = sourcecode.c.c; path = esUtil.c; sourceTree = "<group>"; };
		601726E2290147E800C8CC8B /* FileWrapper.h */ = {isa = PBXFileReference; fileEncoding = 4; lastKnownFileType = sourcecode.c.h; path = FileWrapper.h; sourceTree = "<group>"; };
		601726E3290147E800C8CC8B /* FileWrapper.m */ = {isa = PBXFileReference; fileEncoding = 4; lastKnownFileType = sourcecode.c.objc; path = FileWrapper.m; sourceTree = "<group>"; };
		601727022901497E00C8CC8B /* TriangleRender.cpp */ = {isa = PBXFileReference; lastKnownFileType = sourcecode.cpp.cpp; path = TriangleRender.cpp; sourceTree = "<group>"; };
		601727032901497E00C8CC8B /* TriangleRender.hpp */ = {isa = PBXFileReference; lastKnownFileType = sourcecode.cpp.h; path = TriangleRender.hpp; sourceTree = "<group>"; };
		60172706290159E200C8CC8B /* GLKit.framework */ = {isa = PBXFileReference; lastKnownFileType = wrapper.framework; name = GLKit.framework; path = System/Library/Frameworks/GLKit.framework; sourceTree = SDKROOT; };
		604C25C82901464B00F35CAD /* LeanOpenGL.app */ = {isa = PBXFileReference; explicitFileType = wrapper.application; includeInIndex = 0; path = LeanOpenGL.app; sourceTree = BUILT_PRODUCTS_DIR; };
		604C25CB2901464B00F35CAD /* AppDelegate.h */ = {isa = PBXFileReference; lastKnownFileType = sourcecode.c.h; path = AppDelegate.h; sourceTree = "<group>"; };
		604C25CC2901464B00F35CAD /* AppDelegate.m */ = {isa = PBXFileReference; lastKnownFileType = sourcecode.c.objc; path = AppDelegate.m; sourceTree = "<group>"; };
		604C25D12901464B00F35CAD /* MainTableViewController.h */ = {isa = PBXFileReference; lastKnownFileType = sourcecode.c.h; path = MainTableViewController.h; sourceTree = "<group>"; };
		604C25D22901464B00F35CAD /* MainTableViewController.m */ = {isa = PBXFileReference; lastKnownFileType = sourcecode.c.objc; path = MainTableViewController.m; sourceTree = "<group>"; };
		604C25D52901464B00F35CAD /* Base */ = {isa = PBXFileReference; lastKnownFileType = file.storyboard; name = Base; path = Base.lproj/Main.storyboard; sourceTree = "<group>"; };
		604C25D72901464E00F35CAD /* Assets.xcassets */ = {isa = PBXFileReference; lastKnownFileType = folder.assetcatalog; path = Assets.xcassets; sourceTree = "<group>"; };
		604C25DA2901464E00F35CAD /* Base */ = {isa = PBXFileReference; lastKnownFileType = file.storyboard; name = Base; path = Base.lproj/LaunchScreen.storyboard; sourceTree = "<group>"; };
		604C25DC2901464E00F35CAD /* Info.plist */ = {isa = PBXFileReference; lastKnownFileType = text.plist.xml; path = Info.plist; sourceTree = "<group>"; };
		604C25DD2901464E00F35CAD /* main.m */ = {isa = PBXFileReference; lastKnownFileType = sourcecode.c.objc; path = main.m; sourceTree = "<group>"; };
		ED47533A2902F2990001710C /* TriangleViewController.h */ = {isa = PBXFileReference; lastKnownFileType = sourcecode.c.h; path = TriangleViewController.h; sourceTree = "<group>"; };
		ED47533B2902F2990001710C /* TriangleViewController.mm */ = {isa = PBXFileReference; lastKnownFileType = sourcecode.cpp.objcpp; path = TriangleViewController.mm; sourceTree = "<group>"; };
		ED47533E2902F7060001710C /* MainViewPresenter.h */ = {isa = PBXFileReference; lastKnownFileType = sourcecode.c.h; path = MainViewPresenter.h; sourceTree = "<group>"; };
		ED47533F2902F7060001710C /* MainViewPresenter.m */ = {isa = PBXFileReference; lastKnownFileType = sourcecode.c.objc; path = MainViewPresenter.m; sourceTree = "<group>"; };
		ED4753412902FA6C0001710C /* OpenGLViewController.h */ = {isa = PBXFileReference; lastKnownFileType = sourcecode.c.h; path = OpenGLViewController.h; sourceTree = "<group>"; };
		ED4753422902FA6C0001710C /* OpenGLViewController.m */ = {isa = PBXFileReference; lastKnownFileType = sourcecode.c.objc; path = OpenGLViewController.m; sourceTree = "<group>"; };
		ED47534D29030E500001710C /* ContainerViewController.h */ = {isa = PBXFileReference; lastKnownFileType = sourcecode.c.h; path = ContainerViewController.h; sourceTree = "<group>"; };
		ED47534E29030E500001710C /* ContainerViewController.mm */ = {isa = PBXFileReference; lastKnownFileType = sourcecode.cpp.objcpp; path = ContainerViewController.mm; sourceTree = "<group>"; };
		ED91D42A290182B400BB3B37 /* Triangle.vs */ = {isa = PBXFileReference; lastKnownFileType = sourcecode.glsl; path = Triangle.vs; sourceTree = "<group>"; };
		ED91D42C2901835500BB3B37 /* Triangle.fs */ = {isa = PBXFileReference; lastKnownFileType = sourcecode.glsl; path = Triangle.fs; sourceTree = "<group>"; };
		EDC76C262901A08C005BDC14 /* container.jpeg */ = {isa = PBXFileReference; lastKnownFileType = image.jpeg; path = container.jpeg; sourceTree = "<group>"; };
		EDC76C282901A1A9005BDC14 /* stb_image.h */ = {isa = PBXFileReference; lastKnownFileType = sourcecode.c.h; path = stb_image.h; sourceTree = "<group>"; };
		EDC76C292901A1EE005BDC14 /* stb_image_cpp.cpp */ = {isa = PBXFileReference; lastKnownFileType = sourcecode.cpp.cpp; path = stb_image_cpp.cpp; sourceTree = "<group>"; };
		EDC76C2B2901A2A2005BDC14 /* ContainerRender.cpp */ = {isa = PBXFileReference; lastKnownFileType = sourcecode.cpp.cpp; path = ContainerRender.cpp; sourceTree = "<group>"; };
		EDC76C2C2901A2A2005BDC14 /* ContainerRender.hpp */ = {isa = PBXFileReference; lastKnownFileType = sourcecode.cpp.h; path = ContainerRender.hpp; sourceTree = "<group>"; };
/* End PBXFileReference section */

/* Begin PBXFrameworksBuildPhase section */
		604C25C52901464B00F35CAD /* Frameworks */ = {
			isa = PBXFrameworksBuildPhase;
			buildActionMask = 2147483647;
			files = (
				60172707290159E200C8CC8B /* GLKit.framework in Frameworks */,
			);
			runOnlyForDeploymentPostprocessing = 0;
		};
/* End PBXFrameworksBuildPhase section */

/* Begin PBXGroup section */
		601726D5290147E800C8CC8B /* Common */ = {
			isa = PBXGroup;
			children = (
				601726D6290147E800C8CC8B /* Tools */,
				601726D9290147E800C8CC8B /* Include */,
				601726DC290147E800C8CC8B /* Source */,
				601726E1290147E800C8CC8B /* iOS */,
			);
			name = Common;
			path = ../Common;
			sourceTree = "<group>";
		};
		601726D6290147E800C8CC8B /* Tools */ = {
			isa = PBXGroup;
			children = (
				601726D7290147E800C8CC8B /* Shader.cpp */,
				601726D8290147E800C8CC8B /* Shader.hpp */,
				EDC76C282901A1A9005BDC14 /* stb_image.h */,
				EDC76C292901A1EE005BDC14 /* stb_image_cpp.cpp */,
			);
			path = Tools;
			sourceTree = "<group>";
		};
		601726D9290147E800C8CC8B /* Include */ = {
			isa = PBXGroup;
			children = (
				601726DA290147E800C8CC8B /* esUtil_win.h */,
				601726DB290147E800C8CC8B /* esUtil.h */,
			);
			path = Include;
			sourceTree = "<group>";
		};
		601726DC290147E800C8CC8B /* Source */ = {
			isa = PBXGroup;
			children = (
				601726DD290147E800C8CC8B /* esTransform.c */,
				601726DE290147E800C8CC8B /* esShapes.c */,
				601726DF290147E800C8CC8B /* esShader.c */,
				601726E0290147E800C8CC8B /* esUtil.c */,
			);
			path = Source;
			sourceTree = "<group>";
		};
		601726E1290147E800C8CC8B /* iOS */ = {
			isa = PBXGroup;
			children = (
				601726E2290147E800C8CC8B /* FileWrapper.h */,
				601726E3290147E800C8CC8B /* FileWrapper.m */,
			);
			path = iOS;
			sourceTree = "<group>";
		};
		601726EC2901483A00C8CC8B /* Triangle */ = {
			isa = PBXGroup;
			children = (
				ED91D4292901826E00BB3B37 /* shader */,
				601727022901497E00C8CC8B /* TriangleRender.cpp */,
				601727032901497E00C8CC8B /* TriangleRender.hpp */,
				ED47533A2902F2990001710C /* TriangleViewController.h */,
				ED47533B2902F2990001710C /* TriangleViewController.mm */,
			);
			path = Triangle;
			sourceTree = "<group>";
		};
		60172705290159E100C8CC8B /* Frameworks */ = {
			isa = PBXGroup;
			children = (
				60172706290159E200C8CC8B /* GLKit.framework */,
			);
			name = Frameworks;
			sourceTree = "<group>";
		};
		604C25BF2901464B00F35CAD = {
			isa = PBXGroup;
			children = (
				EDC76C252901A076005BDC14 /* Resource */,
				601726D5290147E800C8CC8B /* Common */,
				604C25CA2901464B00F35CAD /* LeanOpenGL */,
				604C25C92901464B00F35CAD /* Products */,
				60172705290159E100C8CC8B /* Frameworks */,
			);
			sourceTree = "<group>";
		};
		604C25C92901464B00F35CAD /* Products */ = {
			isa = PBXGroup;
			children = (
				604C25C82901464B00F35CAD /* LeanOpenGL.app */,
			);
			name = Products;
			sourceTree = "<group>";
		};
		604C25CA2901464B00F35CAD /* LeanOpenGL */ = {
			isa = PBXGroup;
			children = (
				ED47533D2902F3980001710C /* Container */,
				601726EC2901483A00C8CC8B /* Triangle */,
				604C25CB2901464B00F35CAD /* AppDelegate.h */,
				604C25CC2901464B00F35CAD /* AppDelegate.m */,
				604C25D12901464B00F35CAD /* MainTableViewController.h */,
				604C25D22901464B00F35CAD /* MainTableViewController.m */,
				ED47533E2902F7060001710C /* MainViewPresenter.h */,
				ED47533F2902F7060001710C /* MainViewPresenter.m */,
				ED4753412902FA6C0001710C /* OpenGLViewController.h */,
				ED4753422902FA6C0001710C /* OpenGLViewController.m */,
				604C25D42901464B00F35CAD /* Main.storyboard */,
				604C25D72901464E00F35CAD /* Assets.xcassets */,
				604C25D92901464E00F35CAD /* LaunchScreen.storyboard */,
				604C25DC2901464E00F35CAD /* Info.plist */,
				604C25DD2901464E00F35CAD /* main.m */,
			);
			path = LeanOpenGL;
			sourceTree = "<group>";
		};
		ED47533D2902F3980001710C /* Container */ = {
			isa = PBXGroup;
			children = (
				EDC76C2B2901A2A2005BDC14 /* ContainerRender.cpp */,
				EDC76C2C2901A2A2005BDC14 /* ContainerRender.hpp */,
				ED47534D29030E500001710C /* ContainerViewController.h */,
				ED47534E29030E500001710C /* ContainerViewController.mm */,
			);
			path = Container;
			sourceTree = "<group>";
		};
		ED91D4292901826E00BB3B37 /* shader */ = {
			isa = PBXGroup;
			children = (
				ED91D42A290182B400BB3B37 /* Triangle.vs */,
				ED91D42C2901835500BB3B37 /* Triangle.fs */,
			);
			path = shader;
			sourceTree = "<group>";
		};
		EDC76C252901A076005BDC14 /* Resource */ = {
			isa = PBXGroup;
			children = (
				EDC76C262901A08C005BDC14 /* container.jpeg */,
			);
			path = Resource;
			sourceTree = "<group>";
		};
/* End PBXGroup section */

/* Begin PBXNativeTarget section */
		604C25C72901464B00F35CAD /* LeanOpenGL */ = {
			isa = PBXNativeTarget;
			buildConfigurationList = 604C25E12901464E00F35CAD /* Build configuration list for PBXNativeTarget "LeanOpenGL" */;
			buildPhases = (
				604C25C42901464B00F35CAD /* Sources */,
				604C25C52901464B00F35CAD /* Frameworks */,
				604C25C62901464B00F35CAD /* Resources */,
			);
			buildRules = (
			);
			dependencies = (
			);
			name = LeanOpenGL;
			productName = LeanOpenGL;
			productReference = 604C25C82901464B00F35CAD /* LeanOpenGL.app */;
			productType = "com.apple.product-type.application";
		};
/* End PBXNativeTarget section */

/* Begin PBXProject section */
		604C25C02901464B00F35CAD /* Project object */ = {
			isa = PBXProject;
			attributes = {
				BuildIndependentTargetsInParallel = 1;
				LastUpgradeCheck = 1400;
				TargetAttributes = {
					604C25C72901464B00F35CAD = {
						CreatedOnToolsVersion = 14.0;
					};
				};
			};
			buildConfigurationList = 604C25C32901464B00F35CAD /* Build configuration list for PBXProject "LeanOpenGL" */;
			compatibilityVersion = "Xcode 13.0";
			developmentRegion = en;
			hasScannedForEncodings = 0;
			knownRegions = (
				en,
				Base,
			);
			mainGroup = 604C25BF2901464B00F35CAD;
			productRefGroup = 604C25C92901464B00F35CAD /* Products */;
			projectDirPath = "";
			projectRoot = "";
			targets = (
				604C25C72901464B00F35CAD /* LeanOpenGL */,
			);
		};
/* End PBXProject section */

/* Begin PBXResourcesBuildPhase section */
		604C25C62901464B00F35CAD /* Resources */ = {
			isa = PBXResourcesBuildPhase;
			buildActionMask = 2147483647;
			files = (
				ED91D42B290182B400BB3B37 /* Triangle.vs in Resources */,
				EDC76C272901A08C005BDC14 /* container.jpeg in Resources */,
				ED91D42D2901835500BB3B37 /* Triangle.fs in Resources */,
				604C25DB2901464E00F35CAD /* LaunchScreen.storyboard in Resources */,
				604C25D82901464E00F35CAD /* Assets.xcassets in Resources */,
				604C25D62901464B00F35CAD /* Main.storyboard in Resources */,
			);
			runOnlyForDeploymentPostprocessing = 0;
		};
/* End PBXResourcesBuildPhase section */

/* Begin PBXSourcesBuildPhase section */
		604C25C42901464B00F35CAD /* Sources */ = {
			isa = PBXSourcesBuildPhase;
			buildActionMask = 2147483647;
			files = (
				601726E5290147E800C8CC8B /* esTransform.c in Sources */,
				604C25D32901464B00F35CAD /* MainTableViewController.m in Sources */,
				604C25CD2901464B00F35CAD /* AppDelegate.m in Sources */,
				601726E9290147E800C8CC8B /* FileWrapper.m in Sources */,
				ED47533C2902F2990001710C /* TriangleViewController.mm in Sources */,
				EDC76C2A2901A1EE005BDC14 /* stb_image_cpp.cpp in Sources */,
				ED47534F29030E500001710C /* ContainerViewController.mm in Sources */,
				ED4753402902F7060001710C /* MainViewPresenter.m in Sources */,
				ED4753432902FA6C0001710C /* OpenGLViewController.m in Sources */,
				601727042901497E00C8CC8B /* TriangleRender.cpp in Sources */,
				601726E7290147E800C8CC8B /* esShader.c in Sources */,
				601726E4290147E800C8CC8B /* Shader.cpp in Sources */,
				604C25DE2901464E00F35CAD /* main.m in Sources */,
				601726E6290147E800C8CC8B /* esShapes.c in Sources */,
				601726E8290147E800C8CC8B /* esUtil.c in Sources */,
				EDC76C2D2901A2A2005BDC14 /* ContainerRender.cpp in Sources */,
			);
			runOnlyForDeploymentPostprocessing = 0;
		};
/* End PBXSourcesBuildPhase section */

/* Begin PBXVariantGroup section */
		604C25D42901464B00F35CAD /* Main.storyboard */ = {
			isa = PBXVariantGroup;
			children = (
				604C25D52901464B00F35CAD /* Base */,
			);
			name = Main.storyboard;
			sourceTree = "<group>";
		};
		604C25D92901464E00F35CAD /* LaunchScreen.storyboard */ = {
			isa = PBXVariantGroup;
			children = (
				604C25DA2901464E00F35CAD /* Base */,
			);
			name = LaunchScreen.storyboard;
			sourceTree = "<group>";
		};
/* End PBXVariantGroup section */

/* Begin XCBuildConfiguration section */
		604C25DF2901464E00F35CAD /* Debug */ = {
			isa = XCBuildConfiguration;
			buildSettings = {
				ALWAYS_SEARCH_USER_PATHS = NO;
				CLANG_ANALYZER_NONNULL = YES;
				CLANG_ANALYZER_NUMBER_OBJECT_CONVERSION = YES_AGGRESSIVE;
				CLANG_CXX_LANGUAGE_STANDARD = "gnu++20";
				CLANG_ENABLE_MODULES = YES;
				CLANG_ENABLE_OBJC_ARC = YES;
				CLANG_ENABLE_OBJC_WEAK = YES;
				CLANG_WARN_BLOCK_CAPTURE_AUTORELEASING = YES;
				CLANG_WARN_BOOL_CONVERSION = YES;
				CLANG_WARN_COMMA = YES;
				CLANG_WARN_CONSTANT_CONVERSION = YES;
				CLANG_WARN_DEPRECATED_OBJC_IMPLEMENTATIONS = YES;
				CLANG_WARN_DIRECT_OBJC_ISA_USAGE = YES_ERROR;
				CLANG_WARN_DOCUMENTATION_COMMENTS = YES;
				CLANG_WARN_EMPTY_BODY = YES;
				CLANG_WARN_ENUM_CONVERSION = YES;
				CLANG_WARN_INFINITE_RECURSION = YES;
				CLANG_WARN_INT_CONVERSION = YES;
				CLANG_WARN_NON_LITERAL_NULL_CONVERSION = YES;
				CLANG_WARN_OBJC_IMPLICIT_RETAIN_SELF = YES;
				CLANG_WARN_OBJC_LITERAL_CONVERSION = YES;
				CLANG_WARN_OBJC_ROOT_CLASS = YES_ERROR;
				CLANG_WARN_QUOTED_INCLUDE_IN_FRAMEWORK_HEADER = YES;
				CLANG_WARN_RANGE_LOOP_ANALYSIS = YES;
				CLANG_WARN_STRICT_PROTOTYPES = YES;
				CLANG_WARN_SUSPICIOUS_MOVE = YES;
				CLANG_WARN_UNGUARDED_AVAILABILITY = YES_AGGRESSIVE;
				CLANG_WARN_UNREACHABLE_CODE = YES;
				CLANG_WARN__DUPLICATE_METHOD_MATCH = YES;
				COPY_PHASE_STRIP = NO;
				DEBUG_INFORMATION_FORMAT = dwarf;
				ENABLE_STRICT_OBJC_MSGSEND = YES;
				ENABLE_TESTABILITY = YES;
				GCC_C_LANGUAGE_STANDARD = gnu11;
				GCC_DYNAMIC_NO_PIC = NO;
				GCC_NO_COMMON_BLOCKS = YES;
				GCC_OPTIMIZATION_LEVEL = 0;
				GCC_PREPROCESSOR_DEFINITIONS = (
					"DEBUG=1",
					"$(inherited)",
				);
				GCC_WARN_64_TO_32_BIT_CONVERSION = YES;
				GCC_WARN_ABOUT_RETURN_TYPE = YES_ERROR;
				GCC_WARN_UNDECLARED_SELECTOR = YES;
				GCC_WARN_UNINITIALIZED_AUTOS = YES_AGGRESSIVE;
				GCC_WARN_UNUSED_FUNCTION = YES;
				GCC_WARN_UNUSED_VARIABLE = YES;
				IPHONEOS_DEPLOYMENT_TARGET = 16.0;
				MTL_ENABLE_DEBUG_INFO = INCLUDE_SOURCE;
				MTL_FAST_MATH = YES;
				ONLY_ACTIVE_ARCH = YES;
				SDKROOT = iphoneos;
			};
			name = Debug;
		};
		604C25E02901464E00F35CAD /* Release */ = {
			isa = XCBuildConfiguration;
			buildSettings = {
				ALWAYS_SEARCH_USER_PATHS = NO;
				CLANG_ANALYZER_NONNULL = YES;
				CLANG_ANALYZER_NUMBER_OBJECT_CONVERSION = YES_AGGRESSIVE;
				CLANG_CXX_LANGUAGE_STANDARD = "gnu++20";
				CLANG_ENABLE_MODULES = YES;
				CLANG_ENABLE_OBJC_ARC = YES;
				CLANG_ENABLE_OBJC_WEAK = YES;
				CLANG_WARN_BLOCK_CAPTURE_AUTORELEASING = YES;
				CLANG_WARN_BOOL_CONVERSION = YES;
				CLANG_WARN_COMMA = YES;
				CLANG_WARN_CONSTANT_CONVERSION = YES;
				CLANG_WARN_DEPRECATED_OBJC_IMPLEMENTATIONS = YES;
				CLANG_WARN_DIRECT_OBJC_ISA_USAGE = YES_ERROR;
				CLANG_WARN_DOCUMENTATION_COMMENTS = YES;
				CLANG_WARN_EMPTY_BODY = YES;
				CLANG_WARN_ENUM_CONVERSION = YES;
				CLANG_WARN_INFINITE_RECURSION = YES;
				CLANG_WARN_INT_CONVERSION = YES;
				CLANG_WARN_NON_LITERAL_NULL_CONVERSION = YES;
				CLANG_WARN_OBJC_IMPLICIT_RETAIN_SELF = YES;
				CLANG_WARN_OBJC_LITERAL_CONVERSION = YES;
				CLANG_WARN_OBJC_ROOT_CLASS = YES_ERROR;
				CLANG_WARN_QUOTED_INCLUDE_IN_FRAMEWORK_HEADER = YES;
				CLANG_WARN_RANGE_LOOP_ANALYSIS = YES;
				CLANG_WARN_STRICT_PROTOTYPES = YES;
				CLANG_WARN_SUSPICIOUS_MOVE = YES;
				CLANG_WARN_UNGUARDED_AVAILABILITY = YES_AGGRESSIVE;
				CLANG_WARN_UNREACHABLE_CODE = YES;
				CLANG_WARN__DUPLICATE_METHOD_MATCH = YES;
				COPY_PHASE_STRIP = NO;
				DEBUG_INFORMATION_FORMAT = "dwarf-with-dsym";
				ENABLE_NS_ASSERTIONS = NO;
				ENABLE_STRICT_OBJC_MSGSEND = YES;
				GCC_C_LANGUAGE_STANDARD = gnu11;
				GCC_NO_COMMON_BLOCKS = YES;
				GCC_WARN_64_TO_32_BIT_CONVERSION = YES;
				GCC_WARN_ABOUT_RETURN_TYPE = YES_ERROR;
				GCC_WARN_UNDECLARED_SELECTOR = YES;
				GCC_WARN_UNINITIALIZED_AUTOS = YES_AGGRESSIVE;
				GCC_WARN_UNUSED_FUNCTION = YES;
				GCC_WARN_UNUSED_VARIABLE = YES;
				IPHONEOS_DEPLOYMENT_TARGET = 16.0;
				MTL_ENABLE_DEBUG_INFO = NO;
				MTL_FAST_MATH = YES;
				SDKROOT = iphoneos;
				VALIDATE_PRODUCT = YES;
			};
			name = Release;
		};
		604C25E22901464E00F35CAD /* Debug */ = {
			isa = XCBuildConfiguration;
			buildSettings = {
				ASSETCATALOG_COMPILER_APPICON_NAME = AppIcon;
				ASSETCATALOG_COMPILER_GLOBAL_ACCENT_COLOR_NAME = AccentColor;
				CLANG_CXX_LANGUAGE_STANDARD = "gnu++20";
				CODE_SIGN_STYLE = Automatic;
				CURRENT_PROJECT_VERSION = 1;
				DEVELOPMENT_TEAM = 5S6DCB24V8;
				GENERATE_INFOPLIST_FILE = YES;
				INFOPLIST_FILE = LeanOpenGL/Info.plist;
				INFOPLIST_KEY_UIApplicationSupportsIndirectInputEvents = YES;
				INFOPLIST_KEY_UILaunchStoryboardName = LaunchScreen;
				INFOPLIST_KEY_UIMainStoryboardFile = Main;
				INFOPLIST_KEY_UISupportedInterfaceOrientations_iPad = "UIInterfaceOrientationPortrait UIInterfaceOrientationPortraitUpsideDown UIInterfaceOrientationLandscapeLeft UIInterfaceOrientationLandscapeRight";
				INFOPLIST_KEY_UISupportedInterfaceOrientations_iPhone = "UIInterfaceOrientationPortrait UIInterfaceOrientationLandscapeLeft UIInterfaceOrientationLandscapeRight";
				IPHONEOS_DEPLOYMENT_TARGET = 11.0;
				LD_RUNPATH_SEARCH_PATHS = (
					"$(inherited)",
					"@executable_path/Frameworks",
				);
				MARKETING_VERSION = 1.0;
				PRODUCT_BUNDLE_IDENTIFIER = com.oldface.LeanOpenGL;
				PRODUCT_NAME = "$(TARGET_NAME)";
				SWIFT_EMIT_LOC_STRINGS = YES;
				TARGETED_DEVICE_FAMILY = "1,2";
			};
			name = Debug;
		};
		604C25E32901464E00F35CAD /* Release */ = {
			isa = XCBuildConfiguration;
			buildSettings = {
				ASSETCATALOG_COMPILER_APPICON_NAME = AppIcon;
				ASSETCATALOG_COMPILER_GLOBAL_ACCENT_COLOR_NAME = AccentColor;
				CLANG_CXX_LANGUAGE_STANDARD = "gnu++20";
				CODE_SIGN_STYLE = Automatic;
				CURRENT_PROJECT_VERSION = 1;
				DEVELOPMENT_TEAM = 5S6DCB24V8;
				GENERATE_INFOPLIST_FILE = YES;
				INFOPLIST_FILE = LeanOpenGL/Info.plist;
				INFOPLIST_KEY_UIApplicationSupportsIndirectInputEvents = YES;
				INFOPLIST_KEY_UILaunchStoryboardName = LaunchScreen;
				INFOPLIST_KEY_UIMainStoryboardFile = Main;
				INFOPLIST_KEY_UISupportedInterfaceOrientations_iPad = "UIInterfaceOrientationPortrait UIInterfaceOrientationPortraitUpsideDown UIInterfaceOrientationLandscapeLeft UIInterfaceOrientationLandscapeRight";
				INFOPLIST_KEY_UISupportedInterfaceOrientations_iPhone = "UIInterfaceOrientationPortrait UIInterfaceOrientationLandscapeLeft UIInterfaceOrientationLandscapeRight";
				IPHONEOS_DEPLOYMENT_TARGET = 11.0;
				LD_RUNPATH_SEARCH_PATHS = (
					"$(inherited)",
					"@executable_path/Frameworks",
				);
				MARKETING_VERSION = 1.0;
				PRODUCT_BUNDLE_IDENTIFIER = com.oldface.LeanOpenGL;
				PRODUCT_NAME = "$(TARGET_NAME)";
				SWIFT_EMIT_LOC_STRINGS = YES;
				TARGETED_DEVICE_FAMILY = "1,2";
			};
			name = Release;
		};
/* End XCBuildConfiguration section */

/* Begin XCConfigurationList section */
		604C25C32901464B00F35CAD /* Build configuration list for PBXProject "LeanOpenGL" */ = {
			isa = XCConfigurationList;
			buildConfigurations = (
				604C25DF2901464E00F35CAD /* Debug */,
				604C25E02901464E00F35CAD /* Release */,
			);
			defaultConfigurationIsVisible = 0;
			defaultConfigurationName = Release;
		};
		604C25E12901464E00F35CAD /* Build configuration list for PBXNativeTarget "LeanOpenGL" */ = {
			isa = XCConfigurationList;
			buildConfigurations = (
				604C25E22901464E00F35CAD /* Debug */,
				604C25E32901464E00F35CAD /* Release */,
			);
			defaultConfigurationIsVisible = 0;
			defaultConfigurationName = Release;
		};
/* End XCConfigurationList section */
	};
	rootObject = 604C25C02901464B00F35CAD /* Project object */;
}
